<?xml version="1.0" encoding="utf-8"?>
<Project ToolsVersion="4.0" xmlns="http://schemas.microsoft.com/developer/msbuild/2003">
  <ItemGroup>
    <Filter Include="Source Files">
      <UniqueIdentifier>{4FC737F1-C7A5-4376-A066-2A32D752A2FF}</UniqueIdentifier>
      <Extensions>cpp;c;cc;cxx;c++;cppm;ixx;def;odl;idl;hpj;bat;asm;asmx</Extensions>
    </Filter>
    <Filter Include="Header Files">
      <UniqueIdentifier>{93995380-89BD-4b04-88EB-625FBE52EBFB}</UniqueIdentifier>
      <Extensions>h;hh;hpp;hxx;h++;hm;inl;inc;ipp;xsd</Extensions>
    </Filter>
    <Filter Include="Resource Files">
      <UniqueIdentifier>{67DA6AB6-F800-4c08-8B7A-83BB121AAD01}</UniqueIdentifier>
      <Extensions>rc;ico;cur;bmp;dlg;rc2;rct;bin;rgs;gif;jpg;jpeg;jpe;resx;tiff;tif;png;wav;mfcribbon-ms</Extensions>
    </Filter>
    <Filter Include="Shaders">
      <UniqueIdentifier>{6559dcb0-a11b-4c25-867a-8f907aca6708}</UniqueIdentifier>
    </Filter>
  </ItemGroup>
  <ItemGroup>
    <ClCompile Include="src\cpp\main.cpp">
      <Filter>Source Files</Filter>
    </ClCompile>
    <ClCompile Include="src\cpp\lve_window.cpp">
      <Filter>Source Files</Filter>
    </ClCompile>
    <ClCompile Include="src\cpp\first_app.cpp">
      <Filter>Source Files</Filter>
    </ClCompile>
    <ClCompile Include="src\cpp\lve_pipeline.cpp">
      <Filter>Source Files</Filter>
    </ClCompile>
    <ClCompile Include="src\cpp\lve_device.cpp">
      <Filter>Source Files</Filter>
    </ClCompile>
    <ClCompile Include="src\cpp\lve_swap_chain.cpp">
      <Filter>Source Files</Filter>
    </ClCompile>
    <ClCompile Include="src\cpp\lve_model.cpp">
      <Filter>Source Files</Filter>
    </ClCompile>
    <ClCompile Include="src\cpp\lve_renderer.cpp">
      <Filter>Source Files</Filter>
    </ClCompile>
    <ClCompile Include="src\cpp\lve_rendersystem.cpp">
      <Filter>Source Files</Filter>
    </ClCompile>
    <ClCompile Include="src\cpp\lve_camera.cpp">
      <Filter>Source Files</Filter>
    </ClCompile>
    <ClCompile Include="src\cpp\keyboard_movement_controller.cpp">
      <Filter>Source Files</Filter>
    </ClCompile>
    <ClCompile Include="src\cpp\lve_game_object.cpp">
      <Filter>Source Files</Filter>
    </ClCompile>
    <ClCompile Include="src\cpp\lve_buffer.cpp">
      <Filter>Source Files</Filter>
    </ClCompile>
    <ClCompile Include="src\cpp\lve_descriptor.cpp">
      <Filter>Source Files</Filter>
    </ClCompile>
  </ItemGroup>
  <ItemGroup>
    <ClInclude Include="src\headers\lve_window.hpp">
      <Filter>Header Files</Filter>
    </ClInclude>
    <ClInclude Include="src\headers\first_app.hpp">
      <Filter>Header Files</Filter>
    </ClInclude>
    <ClInclude Include="src\headers\lve_pipeline.hpp">
      <Filter>Header Files</Filter>
    </ClInclude>
    <ClInclude Include="src\headers\lve_device.hpp">
      <Filter>Header Files</Filter>
    </ClInclude>
    <ClInclude Include="src\headers\lve_swap_chain.hpp">
      <Filter>Header Files</Filter>
    </ClInclude>
    <ClInclude Include="src\headers\lve_model.hpp">
      <Filter>Header Files</Filter>
    </ClInclude>
    <ClInclude Include="src\headers\lve_game_object.hpp">
      <Filter>Header Files</Filter>
    </ClInclude>
    <ClInclude Include="src\headers\lve_renderer.hpp">
      <Filter>Header Files</Filter>
    </ClInclude>
    <ClInclude Include="src\headers\lve_rendersystem.hpp">
      <Filter>Header Files</Filter>
    </ClInclude>
    <ClInclude Include="src\headers\Lve_camera.hpp">
      <Filter>Header Files</Filter>
    </ClInclude>
    <ClInclude Include="src\headers\keyboard_movement_controller.hpp">
      <Filter>Header Files</Filter>
    </ClInclude>
    <ClInclude Include="src\headers\Lve_utils.hpp">
      <Filter>Header Files</Filter>
    </ClInclude>
    <ClInclude Include="src\headers\lve_buffer.hpp">
      <Filter>Header Files</Filter>
    </ClInclude>
    <ClInclude Include="src\headers\lve_frame_info.hpp">
      <Filter>Header Files</Filter>
    </ClInclude>
    <ClInclude Include="src\headers\lve_descriptor.hpp">
      <Filter>Header Files</Filter>
    </ClInclude>
  </ItemGroup>
  <ItemGroup>
    <None Include="shaders\simple_shader.vert">
      <Filter>Shaders</Filter>
    </None>
    <None Include="shaders\simple_shader.frag">
      <Filter>Shaders</Filter>
    </None>
    <None Include="shaders\compile.bat">
      <Filter>Source Files</Filter>
    </None>
    <None Include="envWindowsExample.cmake" />
    <None Include="envUnixExample.cmake" />
    <None Include=".env.cmake" />
    <None Include="mingwBuild.bat">
      <Filter>Source Files</Filter>
    </None>
    <None Include="WindowsBuild.bat">
      <Filter>Source Files</Filter>
    </None>
  </ItemGroup>
  <ItemGroup>
    <Text Include="CMakeLists.txt" />
  </ItemGroup>
</Project>